
Microsoft Visual Studio Solution File, Format Version 12.00
# Visual Studio Version 16
VisualStudioVersion = 16.0.31321.278
MinimumVisualStudioVersion = 10.0.40219.1
Project("{FAE04EC0-301F-11D3-BF4B-00C04F79EFBC}") = "Biker", "Biker\Biker.csproj", "{2A2BFBB6-36EC-4C5A-8F90-F3AEF3B8EF54}"
EndProject
Global
	GlobalSection(SolutionConfigurationPlatforms) = preSolution
		Debug|Any CPU = Debug|Any CPU
		Release|Any CPU = Release|Any CPU
	EndGlobalSection
	GlobalSection(ProjectConfigurationPlatforms) = postSolution
		{2A2BFBB6-36EC-4C5A-8F90-F3AEF3B8EF54}.Debug|Any CPU.ActiveCfg = Debug|Any CPU
		{2A2BFBB6-36EC-4C5A-8F90-F3AEF3B8EF54}.Debug|Any CPU.Build.0 = Debug|Any CPU
		{2A2BFBB6-36EC-4C5A-8F90-F3AEF3B8EF54}.Release|Any CPU.ActiveCfg = Release|Any CPU
		{2A2BFBB6-36EC-4C5A-8F90-F3AEF3B8EF54}.Release|Any CPU.Build.0 = Release|Any CPU
	EndGlobalSection
	GlobalSection(SolutionProperties) = preSolution
		HideSolutionNode = FALSE
	EndGlobalSection
	GlobalSection(ExtensibilityGlobals) = postSolution
		SolutionGuid = {720D4FDA-223B-4748-BE4B-3395FD7A1551}
	EndGlobalSection
EndGlobal
